
Microsoft Visual Studio Solution File, Format Version 12.00
# Visual Studio Version 17
VisualStudioVersion = 17.9.34714.143
MinimumVisualStudioVersion = 10.0.40219.1
Project("{9A19103F-16F7-4668-BE54-9A1E7A4F7556}") = "Job22", "Job22\Job22.csproj", "{35434074-ABA5-4AEC-A850-A1F6341CEB40}"
EndProject
Global
	GlobalSection(SolutionConfigurationPlatforms) = preSolution
		Debug|Any CPU = Debug|Any CPU
		Release|Any CPU = Release|Any CPU
	EndGlobalSection
	GlobalSection(ProjectConfigurationPlatforms) = postSolution
		{35434074-ABA5-4AEC-A850-A1F6341CEB40}.Debug|Any CPU.ActiveCfg = Debug|Any CPU
		{35434074-ABA5-4AEC-A850-A1F6341CEB40}.Debug|Any CPU.Build.0 = Debug|Any CPU
		{35434074-ABA5-4AEC-A850-A1F6341CEB40}.Release|Any CPU.ActiveCfg = Release|Any CPU
		{35434074-ABA5-4AEC-A850-A1F6341CEB40}.Release|Any CPU.Build.0 = Release|Any CPU
	EndGlobalSection
	GlobalSection(SolutionProperties) = preSolution
		HideSolutionNode = FALSE
	EndGlobalSection
	GlobalSection(ExtensibilityGlobals) = postSolution
		SolutionGuid = {EDF72555-801D-4624-9A53-00C018CEF050}
	EndGlobalSection
EndGlobal
